
Microsoft Visual Studio Solution File, Format Version 12.00
# Visual Studio Version 17
VisualStudioVersion = 17.2.32616.157
MinimumVisualStudioVersion = 10.0.40219.1
Project("{9A19103F-16F7-4668-BE54-9A1E7A4F7556}") = "Lampac", "Lampac\Lampac.csproj", "{6EC456A8-9B61-4F88-992B-972BE6E66C96}"
EndProject
Project("{9A19103F-16F7-4668-BE54-9A1E7A4F7556}") = "Shared", "Shared\Shared.csproj", "{7A19617E-61AF-4741-B901-CB24D1565CA4}"
EndProject
Project("{9A19103F-16F7-4668-BE54-9A1E7A4F7556}") = "Catalog", "Catalog\Catalog.csproj", "{68BA3E1D-69D1-47D3-9E84-65189FF1AE90}"
EndProject
Project("{9A19103F-16F7-4668-BE54-9A1E7A4F7556}") = "Online", "Online\Online.csproj", "{DD693EB2-48C4-49D0-BFEE-B25B534CE6B4}"
EndProject
Project("{9A19103F-16F7-4668-BE54-9A1E7A4F7556}") = "SISI", "SISI\SISI.csproj", "{DF3D53D6-647F-42A3-9764-BE9B4ACA3235}"
EndProject
Project("{9A19103F-16F7-4668-BE54-9A1E7A4F7556}") = "Merchant", "Merchant\Merchant.csproj", "{0C2B4AF5-F6CA-4465-8D53-BB8B245DE4A6}"
EndProject
Project("{9A19103F-16F7-4668-BE54-9A1E7A4F7556}") = "DLNA", "DLNA\DLNA.csproj", "{A874EBE4-88D3-4C02-9FDA-6A6631380CE9}"
EndProject
Project("{9A19103F-16F7-4668-BE54-9A1E7A4F7556}") = "Tracks", "Tracks\Tracks.csproj", "{E0036073-200D-4E60-8F6A-9C428E49442E}"
EndProject
Project("{9A19103F-16F7-4668-BE54-9A1E7A4F7556}") = "JacRed", "JacRed\JacRed.csproj", "{DB36397B-76E7-44EF-9F2E-21DDCBF6A836}"
EndProject
Project("{9A19103F-16F7-4668-BE54-9A1E7A4F7556}") = "TorrServer", "TorrServer\TorrServer.csproj", "{A9FB8118-B1A4-436B-8C9C-1EACD4154F37}"
EndProject
Project("{2150E333-8FDC-42A3-9474-1A3956D46DE8}") = "Modules", "Modules", "{1F4A0DC9-498D-49A9-91E4-F8007335BFD0}"
EndProject
Global
	GlobalSection(SolutionConfigurationPlatforms) = preSolution
		Debug|Any CPU = Debug|Any CPU
		Release|Any CPU = Release|Any CPU
	EndGlobalSection
	GlobalSection(ProjectConfigurationPlatforms) = postSolution
		{6EC456A8-9B61-4F88-992B-972BE6E66C96}.Debug|Any CPU.ActiveCfg = Debug|Any CPU
		{6EC456A8-9B61-4F88-992B-972BE6E66C96}.Debug|Any CPU.Build.0 = Debug|Any CPU
		{6EC456A8-9B61-4F88-992B-972BE6E66C96}.Release|Any CPU.ActiveCfg = Release|Any CPU
		{6EC456A8-9B61-4F88-992B-972BE6E66C96}.Release|Any CPU.Build.0 = Release|Any CPU
		{7A19617E-61AF-4741-B901-CB24D1565CA4}.Debug|Any CPU.ActiveCfg = Debug|Any CPU
		{7A19617E-61AF-4741-B901-CB24D1565CA4}.Debug|Any CPU.Build.0 = Debug|Any CPU
		{7A19617E-61AF-4741-B901-CB24D1565CA4}.Release|Any CPU.ActiveCfg = Release|Any CPU
		{7A19617E-61AF-4741-B901-CB24D1565CA4}.Release|Any CPU.Build.0 = Release|Any CPU
		{68BA3E1D-69D1-47D3-9E84-65189FF1AE90}.Debug|Any CPU.ActiveCfg = Debug|Any CPU
		{68BA3E1D-69D1-47D3-9E84-65189FF1AE90}.Debug|Any CPU.Build.0 = Debug|Any CPU
		{68BA3E1D-69D1-47D3-9E84-65189FF1AE90}.Release|Any CPU.ActiveCfg = Release|Any CPU
		{68BA3E1D-69D1-47D3-9E84-65189FF1AE90}.Release|Any CPU.Build.0 = Release|Any CPU
		{DD693EB2-48C4-49D0-BFEE-B25B534CE6B4}.Debug|Any CPU.ActiveCfg = Debug|Any CPU
		{DD693EB2-48C4-49D0-BFEE-B25B534CE6B4}.Debug|Any CPU.Build.0 = Debug|Any CPU
		{DD693EB2-48C4-49D0-BFEE-B25B534CE6B4}.Release|Any CPU.ActiveCfg = Release|Any CPU
		{DD693EB2-48C4-49D0-BFEE-B25B534CE6B4}.Release|Any CPU.Build.0 = Release|Any CPU
		{DF3D53D6-647F-42A3-9764-BE9B4ACA3235}.Debug|Any CPU.ActiveCfg = Debug|Any CPU
		{DF3D53D6-647F-42A3-9764-BE9B4ACA3235}.Debug|Any CPU.Build.0 = Debug|Any CPU
		{DF3D53D6-647F-42A3-9764-BE9B4ACA3235}.Release|Any CPU.ActiveCfg = Release|Any CPU
		{DF3D53D6-647F-42A3-9764-BE9B4ACA3235}.Release|Any CPU.Build.0 = Release|Any CPU
		{0C2B4AF5-F6CA-4465-8D53-BB8B245DE4A6}.Debug|Any CPU.ActiveCfg = Debug|Any CPU
		{0C2B4AF5-F6CA-4465-8D53-BB8B245DE4A6}.Debug|Any CPU.Build.0 = Debug|Any CPU
		{0C2B4AF5-F6CA-4465-8D53-BB8B245DE4A6}.Release|Any CPU.ActiveCfg = Release|Any CPU
		{0C2B4AF5-F6CA-4465-8D53-BB8B245DE4A6}.Release|Any CPU.Build.0 = Release|Any CPU
		{A874EBE4-88D3-4C02-9FDA-6A6631380CE9}.Debug|Any CPU.ActiveCfg = Debug|Any CPU
		{A874EBE4-88D3-4C02-9FDA-6A6631380CE9}.Debug|Any CPU.Build.0 = Debug|Any CPU
		{A874EBE4-88D3-4C02-9FDA-6A6631380CE9}.Release|Any CPU.ActiveCfg = Release|Any CPU
		{A874EBE4-88D3-4C02-9FDA-6A6631380CE9}.Release|Any CPU.Build.0 = Release|Any CPU
		{E0036073-200D-4E60-8F6A-9C428E49442E}.Debug|Any CPU.ActiveCfg = Debug|Any CPU
		{E0036073-200D-4E60-8F6A-9C428E49442E}.Debug|Any CPU.Build.0 = Debug|Any CPU
		{E0036073-200D-4E60-8F6A-9C428E49442E}.Release|Any CPU.ActiveCfg = Release|Any CPU
		{E0036073-200D-4E60-8F6A-9C428E49442E}.Release|Any CPU.Build.0 = Release|Any CPU
		{DB36397B-76E7-44EF-9F2E-21DDCBF6A836}.Debug|Any CPU.ActiveCfg = Debug|Any CPU
		{DB36397B-76E7-44EF-9F2E-21DDCBF6A836}.Debug|Any CPU.Build.0 = Debug|Any CPU
		{DB36397B-76E7-44EF-9F2E-21DDCBF6A836}.Release|Any CPU.ActiveCfg = Release|Any CPU
		{DB36397B-76E7-44EF-9F2E-21DDCBF6A836}.Release|Any CPU.Build.0 = Release|Any CPU
		{A9FB8118-B1A4-436B-8C9C-1EACD4154F37}.Debug|Any CPU.ActiveCfg = Debug|Any CPU
		{A9FB8118-B1A4-436B-8C9C-1EACD4154F37}.Debug|Any CPU.Build.0 = Debug|Any CPU
		{A9FB8118-B1A4-436B-8C9C-1EACD4154F37}.Release|Any CPU.ActiveCfg = Release|Any CPU
		{A9FB8118-B1A4-436B-8C9C-1EACD4154F37}.Release|Any CPU.Build.0 = Release|Any CPU
	EndGlobalSection
	GlobalSection(SolutionProperties) = preSolution
		HideSolutionNode = FALSE
	EndGlobalSection
	GlobalSection(NestedProjects) = preSolution
		{68BA3E1D-69D1-47D3-9E84-65189FF1AE90} = {1F4A0DC9-498D-49A9-91E4-F8007335BFD0}
		{DD693EB2-48C4-49D0-BFEE-B25B534CE6B4} = {1F4A0DC9-498D-49A9-91E4-F8007335BFD0}
		{DF3D53D6-647F-42A3-9764-BE9B4ACA3235} = {1F4A0DC9-498D-49A9-91E4-F8007335BFD0}
		{0C2B4AF5-F6CA-4465-8D53-BB8B245DE4A6} = {1F4A0DC9-498D-49A9-91E4-F8007335BFD0}
		{A874EBE4-88D3-4C02-9FDA-6A6631380CE9} = {1F4A0DC9-498D-49A9-91E4-F8007335BFD0}
		{E0036073-200D-4E60-8F6A-9C428E49442E} = {1F4A0DC9-498D-49A9-91E4-F8007335BFD0}
		{DB36397B-76E7-44EF-9F2E-21DDCBF6A836} = {1F4A0DC9-498D-49A9-91E4-F8007335BFD0}
		{A9FB8118-B1A4-436B-8C9C-1EACD4154F37} = {1F4A0DC9-498D-49A9-91E4-F8007335BFD0}
	EndGlobalSection
	GlobalSection(ExtensibilityGlobals) = postSolution
		SolutionGuid = {F05D572A-75BC-4642-98F8-F65F5CCF6A0B}
	EndGlobalSection
EndGlobal
